
Microsoft Visual Studio Solution File, Format Version 12.00
# Visual Studio 15
VisualStudioVersion = 15.0.26430.16
MinimumVisualStudioVersion = 10.0.40219.1
Project("{FAE04EC0-301F-11D3-BF4B-00C04F79EFBC}") = "Studio", "Studio\Studio.csproj", "{375637DA-9A56-477F-981A-BF446EC2BE76}"
EndProject
Project("{FAE04EC0-301F-11D3-BF4B-00C04F79EFBC}") = "Studio.Monitor", "Studio.Monitor\Studio.Monitor.csproj", "{865CA1D4-3795-4638-9B2D-2CB0C3793028}"
EndProject
Project("{FAE04EC0-301F-11D3-BF4B-00C04F79EFBC}") = "StudioDemo", "StudioDemo\StudioDemo.csproj", "{2F49ECF6-9836-4BC5-B17A-24AC58AE6492}"
EndProject
Global
	GlobalSection(SolutionConfigurationPlatforms) = preSolution
		Debug|Any CPU = Debug|Any CPU
		Release|Any CPU = Release|Any CPU
	EndGlobalSection
	GlobalSection(ProjectConfigurationPlatforms) = postSolution
		{375637DA-9A56-477F-981A-BF446EC2BE76}.Debug|Any CPU.ActiveCfg = Debug|Any CPU
		{375637DA-9A56-477F-981A-BF446EC2BE76}.Debug|Any CPU.Build.0 = Debug|Any CPU
		{375637DA-9A56-477F-981A-BF446EC2BE76}.Release|Any CPU.ActiveCfg = Release|Any CPU
		{375637DA-9A56-477F-981A-BF446EC2BE76}.Release|Any CPU.Build.0 = Release|Any CPU
		{865CA1D4-3795-4638-9B2D-2CB0C3793028}.Debug|Any CPU.ActiveCfg = Debug|Any CPU
		{865CA1D4-3795-4638-9B2D-2CB0C3793028}.Debug|Any CPU.Build.0 = Debug|Any CPU
		{865CA1D4-3795-4638-9B2D-2CB0C3793028}.Release|Any CPU.ActiveCfg = Release|Any CPU
		{865CA1D4-3795-4638-9B2D-2CB0C3793028}.Release|Any CPU.Build.0 = Release|Any CPU
		{2F49ECF6-9836-4BC5-B17A-24AC58AE6492}.Debug|Any CPU.ActiveCfg = Debug|Any CPU
		{2F49ECF6-9836-4BC5-B17A-24AC58AE6492}.Debug|Any CPU.Build.0 = Debug|Any CPU
		{2F49ECF6-9836-4BC5-B17A-24AC58AE6492}.Release|Any CPU.ActiveCfg = Release|Any CPU
		{2F49ECF6-9836-4BC5-B17A-24AC58AE6492}.Release|Any CPU.Build.0 = Release|Any CPU
	EndGlobalSection
	GlobalSection(SolutionProperties) = preSolution
		HideSolutionNode = FALSE
	EndGlobalSection
EndGlobal
